Microsoft Visual Studio Solution File, Format Version 11.00
# Visual Studio 2010
Project("{FAE04EC0-301F-11D3-BF4B-00C04F79EFBC}") = "PreviewDemo", "PreviewDemo\PreviewDemo.csproj", "{668D631E-1765-4377-B87C-0E1DA15AF44D}"
EndProject
Global
	GlobalSection(SolutionConfigurationPlatforms) = preSolution
		Debug|Any CPU = Debug|Any CPU
		Debug|x64 = Debug|x64
		Release|Any CPU = Release|Any CPU
		Release|x64 = Release|x64
	EndGlobalSection
	GlobalSection(ProjectConfigurationPlatforms) = postSolution
		{668D631E-1765-4377-B87C-0E1DA15AF44D}.Debug|Any CPU.ActiveCfg = Debug|Any CPU
		{668D631E-1765-4377-B87C-0E1DA15AF44D}.Debug|Any CPU.Build.0 = Debug|Any CPU
		{668D631E-1765-4377-B87C-0E1DA15AF44D}.Debug|x64.ActiveCfg = Debug|x64
		{668D631E-1765-4377-B87C-0E1DA15AF44D}.Debug|x64.Build.0 = Debug|x64
		{668D631E-1765-4377-B87C-0E1DA15AF44D}.Release|Any CPU.ActiveCfg = Release|Any CPU
		{668D631E-1765-4377-B87C-0E1DA15AF44D}.Release|Any CPU.Build.0 = Release|Any CPU
		{668D631E-1765-4377-B87C-0E1DA15AF44D}.Release|x64.ActiveCfg = Release|x64
		{668D631E-1765-4377-B87C-0E1DA15AF44D}.Release|x64.Build.0 = Release|x64
	EndGlobalSection
	GlobalSection(SolutionProperties) = preSolution
		HideSolutionNode = FALSE
	EndGlobalSection
EndGlobal
